// !$*UTF8*$!
{
	archiveVersion = 1;
	classes = {
	};
	objectVersion = 55;
	objects = {

/* Begin PBXBuildFile section */
		C610FBC828B1A645001F2D41 /* Appetizer.swift in Sources */ = {isa = PBXBuildFile; fileRef = C610FBC728B1A645001F2D41 /* Appetizer.swift */; };
		C621F20C28B424ED00AFF793 /* AppetizerDetailView.swift in Sources */ = {isa = PBXBuildFile; fileRef = C621F20B28B424ED00AFF793 /* AppetizerDetailView.swift */; };
		C643D92828B2E72700ADBA34 /* NetworkManager.swift in Sources */ = {isa = PBXBuildFile; fileRef = C643D92728B2E72700ADBA34 /* NetworkManager.swift */; };
		C643D92A28B2E91500ADBA34 /* AppError.swift in Sources */ = {isa = PBXBuildFile; fileRef = C643D92928B2E91500ADBA34 /* AppError.swift */; };
		C643D92C28B325D300ADBA34 /* AppetizerListViewModel.swift in Sources */ = {isa = PBXBuildFile; fileRef = C643D92B28B325D300ADBA34 /* AppetizerListViewModel.swift */; };
		C667861928B332F0009049F8 /* AlertItem.swift in Sources */ = {isa = PBXBuildFile; fileRef = C667861828B332F0009049F8 /* AlertItem.swift */; };
		C667861B28B332FA009049F8 /* AlertContext.swift in Sources */ = {isa = PBXBuildFile; fileRef = C667861A28B332FA009049F8 /* AlertContext.swift */; };
		C694513E28B5607200D57C9A /* EmptyStateView.swift in Sources */ = {isa = PBXBuildFile; fileRef = C694513D28B5607200D57C9A /* EmptyStateView.swift */; };
		C69FF04428B2BB1D005C6DD3 /* AppetizerTile.swift in Sources */ = {isa = PBXBuildFile; fileRef = C69FF04328B2BB1D005C6DD3 /* AppetizerTile.swift */; };
		C6A9136628B5936D001EA0DB /* Order.swift in Sources */ = {isa = PBXBuildFile; fileRef = C6A9136528B5936D001EA0DB /* Order.swift */; };
		C6C0343628B3CD6C00031C85 /* ImageLoader.swift in Sources */ = {isa = PBXBuildFile; fileRef = C6C0343528B3CD6C00031C85 /* ImageLoader.swift */; };
		C6E5565028B47CAD0068EF37 /* AccountViewModel.swift in Sources */ = {isa = PBXBuildFile; fileRef = C6E5564F28B47CAD0068EF37 /* AccountViewModel.swift */; };
		C6E5565328B47E720068EF37 /* String+Ext.swift in Sources */ = {isa = PBXBuildFile; fileRef = C6E5565228B47E720068EF37 /* String+Ext.swift */; };
		C6E5565528B484370068EF37 /* User.swift in Sources */ = {isa = PBXBuildFile; fileRef = C6E5565428B484370068EF37 /* User.swift */; };
		C6E5565728B48CF70068EF37 /* OrderViewModel.swift in Sources */ = {isa = PBXBuildFile; fileRef = C6E5565628B48CF70068EF37 /* OrderViewModel.swift */; };
		C6E6297D28B0ABB400CE36F7 /* AppetizersApp.swift in Sources */ = {isa = PBXBuildFile; fileRef = C6E6297C28B0ABB400CE36F7 /* AppetizersApp.swift */; };
		C6E6297F28B0ABB400CE36F7 /* MainTabView.swift in Sources */ = {isa = PBXBuildFile; fileRef = C6E6297E28B0ABB400CE36F7 /* MainTabView.swift */; };
		C6E6298128B0ABB500CE36F7 /* Assets.xcassets in Resources */ = {isa = PBXBuildFile; fileRef = C6E6298028B0ABB500CE36F7 /* Assets.xcassets */; };
		C6E6298428B0ABB500CE36F7 /* Preview Assets.xcassets in Resources */ = {isa = PBXBuildFile; fileRef = C6E6298328B0ABB500CE36F7 /* Preview Assets.xcassets */; };
		C6E6298B28B0AC1B00CE36F7 /* .gitignore in Resources */ = {isa = PBXBuildFile; fileRef = C6E6298A28B0AC1B00CE36F7 /* .gitignore */; };
		C6E6298F28B0ACE300CE36F7 /* AppetizerListView.swift in Sources */ = {isa = PBXBuildFile; fileRef = C6E6298E28B0ACE300CE36F7 /* AppetizerListView.swift */; };
		C6E6299228B0ACFA00CE36F7 /* AccountView.swift in Sources */ = {isa = PBXBuildFile; fileRef = C6E6299128B0ACFA00CE36F7 /* AccountView.swift */; };
		C6E6299428B0AD0100CE36F7 /* OrderView.swift in Sources */ = {isa = PBXBuildFile; fileRef = C6E6299328B0AD0100CE36F7 /* OrderView.swift */; };
		C6F88DD328B43948005D6CB0 /* NutritionInfoView.swift in Sources */ = {isa = PBXBuildFile; fileRef = C6F88DD228B43948005D6CB0 /* NutritionInfoView.swift */; };
/* End PBXBuildFile section */

/* Begin PBXFileReference section */
		C610FBC728B1A645001F2D41 /* Appetizer.swift */ = {isa = PBXFileReference; lastKnownFileType = sourcecode.swift; path = Appetizer.swift; sourceTree = "<group>"; };
		C621F20B28B424ED00AFF793 /* AppetizerDetailView.swift */ = {isa = PBXFileReference; lastKnownFileType = sourcecode.swift; path = AppetizerDetailView.swift; sourceTree = "<group>"; };
		C643D92728B2E72700ADBA34 /* NetworkManager.swift */ = {isa = PBXFileReference; lastKnownFileType = sourcecode.swift; path = NetworkManager.swift; sourceTree = "<group>"; };
		C643D92928B2E91500ADBA34 /* AppError.swift */ = {isa = PBXFileReference; lastKnownFileType = sourcecode.swift; path = AppError.swift; sourceTree = "<group>"; };
		C643D92B28B325D300ADBA34 /* AppetizerListViewModel.swift */ = {isa = PBXFileReference; lastKnownFileType = sourcecode.swift; path = AppetizerListViewModel.swift; sourceTree = "<group>"; };
		C667861828B332F0009049F8 /* AlertItem.swift */ = {isa = PBXFileReference; lastKnownFileType = sourcecode.swift; path = AlertItem.swift; sourceTree = "<group>"; };
		C667861A28B332FA009049F8 /* AlertContext.swift */ = {isa = PBXFileReference; lastKnownFileType = sourcecode.swift; path = AlertContext.swift; sourceTree = "<group>"; };
		C694513D28B5607200D57C9A /* EmptyStateView.swift */ = {isa = PBXFileReference; lastKnownFileType = sourcecode.swift; path = EmptyStateView.swift; sourceTree = "<group>"; };
		C69FF04328B2BB1D005C6DD3 /* AppetizerTile.swift */ = {isa = PBXFileReference; lastKnownFileType = sourcecode.swift; path = AppetizerTile.swift; sourceTree = "<group>"; };
		C6A9136528B5936D001EA0DB /* Order.swift */ = {isa = PBXFileReference; lastKnownFileType = sourcecode.swift; path = Order.swift; sourceTree = "<group>"; };
		C6C0343528B3CD6C00031C85 /* ImageLoader.swift */ = {isa = PBXFileReference; lastKnownFileType = sourcecode.swift; path = ImageLoader.swift; sourceTree = "<group>"; };
		C6E5564F28B47CAD0068EF37 /* AccountViewModel.swift */ = {isa = PBXFileReference; lastKnownFileType = sourcecode.swift; path = AccountViewModel.swift; sourceTree = "<group>"; };
		C6E5565228B47E720068EF37 /* String+Ext.swift */ = {isa = PBXFileReference; lastKnownFileType = sourcecode.swift; path = "String+Ext.swift"; sourceTree = "<group>"; };
		C6E5565428B484370068EF37 /* User.swift */ = {isa = PBXFileReference; lastKnownFileType = sourcecode.swift; path = User.swift; sourceTree = "<group>"; };
		C6E5565628B48CF70068EF37 /* OrderViewModel.swift */ = {isa = PBXFileReference; lastKnownFileType = sourcecode.swift; path = OrderViewModel.swift; sourceTree = "<group>"; };
		C6E6297928B0ABB400CE36F7 /* Appetizers.app */ = {isa = PBXFileReference; explicitFileType = wrapper.application; includeInIndex = 0; path = Appetizers.app; sourceTree = BUILT_PRODUCTS_DIR; };
		C6E6297C28B0ABB400CE36F7 /* AppetizersApp.swift */ = {isa = PBXFileReference; lastKnownFileType = sourcecode.swift; path = AppetizersApp.swift; sourceTree = "<group>"; };
		C6E6297E28B0ABB400CE36F7 /* MainTabView.swift */ = {isa = PBXFileReference; lastKnownFileType = sourcecode.swift; path = MainTabView.swift; sourceTree = "<group>"; };
		C6E6298028B0ABB500CE36F7 /* Assets.xcassets */ = {isa = PBXFileReference; lastKnownFileType = folder.assetcatalog; path = Assets.xcassets; sourceTree = "<group>"; };
		C6E6298328B0ABB500CE36F7 /* Preview Assets.xcassets */ = {isa = PBXFileReference; lastKnownFileType = folder.assetcatalog; path = "Preview Assets.xcassets"; sourceTree = "<group>"; };
		C6E6298A28B0AC1B00CE36F7 /* .gitignore */ = {isa = PBXFileReference; lastKnownFileType = text; path = .gitignore; sourceTree = "<group>"; };
		C6E6298E28B0ACE300CE36F7 /* AppetizerListView.swift */ = {isa = PBXFileReference; lastKnownFileType = sourcecode.swift; path = AppetizerListView.swift; sourceTree = "<group>"; };
		C6E6299128B0ACFA00CE36F7 /* AccountView.swift */ = {isa = PBXFileReference; lastKnownFileType = sourcecode.swift; path = AccountView.swift; sourceTree = "<group>"; };
		C6E6299328B0AD0100CE36F7 /* OrderView.swift */ = {isa = PBXFileReference; lastKnownFileType = sourcecode.swift; path = OrderView.swift; sourceTree = "<group>"; };
		C6F88DD228B43948005D6CB0 /* NutritionInfoView.swift */ = {isa = PBXFileReference; lastKnownFileType = sourcecode.swift; path = NutritionInfoView.swift; sourceTree = "<group>"; };
/* End PBXFileReference section */

/* Begin PBXFrameworksBuildPhase section */
		C6E6297628B0ABB400CE36F7 /* Frameworks */ = {
			isa = PBXFrameworksBuildPhase;
			buildActionMask = 2147483647;
			files = (
			);
			runOnlyForDeploymentPostprocessing = 0;
		};
/* End PBXFrameworksBuildPhase section */

/* Begin PBXGroup section */
		C621F20A28B4249200AFF793 /* AppetizerDetailView */ = {
			isa = PBXGroup;
			children = (
				C621F20B28B424ED00AFF793 /* AppetizerDetailView.swift */,
				C6F88DD228B43948005D6CB0 /* NutritionInfoView.swift */,
			);
			path = AppetizerDetailView;
			sourceTree = "<group>";
		};
		C62E155B28B1545A00E1F8E4 /* Models */ = {
			isa = PBXGroup;
			children = (
				C610FBC728B1A645001F2D41 /* Appetizer.swift */,
				C6E5565428B484370068EF37 /* User.swift */,
				C6A9136528B5936D001EA0DB /* Order.swift */,
			);
			path = Models;
			sourceTree = "<group>";
		};
		C667861728B332E0009049F8 /* Alerts */ = {
			isa = PBXGroup;
			children = (
				C667861828B332F0009049F8 /* AlertItem.swift */,
				C667861A28B332FA009049F8 /* AlertContext.swift */,
			);
			path = Alerts;
			sourceTree = "<group>";
		};
		C667861C28B333CF009049F8 /* Utilities */ = {
			isa = PBXGroup;
			children = (
				C643D92928B2E91500ADBA34 /* AppError.swift */,
				C643D92728B2E72700ADBA34 /* NetworkManager.swift */,
				C6C0343528B3CD6C00031C85 /* ImageLoader.swift */,
			);
			path = Utilities;
			sourceTree = "<group>";
		};
		C694513C28B5603F00D57C9A /* EmptyStateView */ = {
			isa = PBXGroup;
			children = (
				C694513D28B5607200D57C9A /* EmptyStateView.swift */,
			);
			path = EmptyStateView;
			sourceTree = "<group>";
		};
		C694513F28B560AD00D57C9A /* View Components */ = {
			isa = PBXGroup;
			children = (
				C694513C28B5603F00D57C9A /* EmptyStateView */,
			);
			path = "View Components";
			sourceTree = "<group>";
		};
		C6E5565128B47E5E0068EF37 /* Extensions */ = {
			isa = PBXGroup;
			children = (
				C6E5565228B47E720068EF37 /* String+Ext.swift */,
			);
			path = Extensions;
			sourceTree = "<group>";
		};
		C6E6297028B0ABB400CE36F7 = {
			isa = PBXGroup;
			children = (
				C6E6297B28B0ABB400CE36F7 /* Appetizers */,
				C6E6298A28B0AC1B00CE36F7 /* .gitignore */,
				C6E6297A28B0ABB400CE36F7 /* Products */,
			);
			sourceTree = "<group>";
		};
		C6E6297A28B0ABB400CE36F7 /* Products */ = {
			isa = PBXGroup;
			children = (
				C6E6297928B0ABB400CE36F7 /* Appetizers.app */,
			);
			name = Products;
			sourceTree = "<group>";
		};
		C6E6297B28B0ABB400CE36F7 /* Appetizers */ = {
			isa = PBXGroup;
			children = (
				C667861728B332E0009049F8 /* Alerts */,
				C62E155B28B1545A00E1F8E4 /* Models */,
				C6E6298C28B0ACB900CE36F7 /* Views */,
				C694513F28B560AD00D57C9A /* View Components */,
				C667861C28B333CF009049F8 /* Utilities */,
				C6E5565128B47E5E0068EF37 /* Extensions */,
				C6E6297C28B0ABB400CE36F7 /* AppetizersApp.swift */,
				C6E6298028B0ABB500CE36F7 /* Assets.xcassets */,
				C6E6298228B0ABB500CE36F7 /* Preview Content */,
			);
			path = Appetizers;
			sourceTree = "<group>";
		};
		C6E6298228B0ABB500CE36F7 /* Preview Content */ = {
			isa = PBXGroup;
			children = (
				C6E6298328B0ABB500CE36F7 /* Preview Assets.xcassets */,
			);
			path = "Preview Content";
			sourceTree = "<group>";
		};
		C6E6298C28B0ACB900CE36F7 /* Views */ = {
			isa = PBXGroup;
			children = (
				C6E6298D28B0ACCC00CE36F7 /* MainTabView */,
				C6E6299028B0ACE800CE36F7 /* AppetizerListView */,
				C621F20A28B4249200AFF793 /* AppetizerDetailView */,
				C6E6299528B0AD0A00CE36F7 /* AccountView */,
				C6E6299628B0AD1100CE36F7 /* OrderView */,
			);
			path = Views;
			sourceTree = "<group>";
		};
		C6E6298D28B0ACCC00CE36F7 /* MainTabView */ = {
			isa = PBXGroup;
			children = (
				C6E6297E28B0ABB400CE36F7 /* MainTabView.swift */,
			);
			path = MainTabView;
			sourceTree = "<group>";
		};
		C6E6299028B0ACE800CE36F7 /* AppetizerListView */ = {
			isa = PBXGroup;
			children = (
				C6E6298E28B0ACE300CE36F7 /* AppetizerListView.swift */,
				C643D92B28B325D300ADBA34 /* AppetizerListViewModel.swift */,
				C69FF04328B2BB1D005C6DD3 /* AppetizerTile.swift */,
			);
			path = AppetizerListView;
			sourceTree = "<group>";
		};
		C6E6299528B0AD0A00CE36F7 /* AccountView */ = {
			isa = PBXGroup;
			children = (
				C6E6299128B0ACFA00CE36F7 /* AccountView.swift */,
				C6E5564F28B47CAD0068EF37 /* AccountViewModel.swift */,
			);
			path = AccountView;
			sourceTree = "<group>";
		};
		C6E6299628B0AD1100CE36F7 /* OrderView */ = {
			isa = PBXGroup;
			children = (
				C6E6299328B0AD0100CE36F7 /* OrderView.swift */,
				C6E5565628B48CF70068EF37 /* OrderViewModel.swift */,
			);
			path = OrderView;
			sourceTree = "<group>";
		};
/* End PBXGroup section */

/* Begin PBXNativeTarget section */
		C6E6297828B0ABB400CE36F7 /* Appetizers */ = {
			isa = PBXNativeTarget;
			buildConfigurationList = C6E6298728B0ABB500CE36F7 /* Build configuration list for PBXNativeTarget "Appetizers" */;
			buildPhases = (
				C6E6297528B0ABB400CE36F7 /* Sources */,
				C6E6297628B0ABB400CE36F7 /* Frameworks */,
				C6E6297728B0ABB400CE36F7 /* Resources */,
			);
			buildRules = (
			);
			dependencies = (
			);
			name = Appetizers;
			productName = Appetizers;
			productReference = C6E6297928B0ABB400CE36F7 /* Appetizers.app */;
			productType = "com.apple.product-type.application";
		};
/* End PBXNativeTarget section */

/* Begin PBXProject section */
		C6E6297128B0ABB400CE36F7 /* Project object */ = {
			isa = PBXProject;
			attributes = {
				BuildIndependentTargetsInParallel = 1;
				LastSwiftUpdateCheck = 1340;
				LastUpgradeCheck = 1340;
				TargetAttributes = {
					C6E6297828B0ABB400CE36F7 = {
						CreatedOnToolsVersion = 13.4.1;
					};
				};
			};
			buildConfigurationList = C6E6297428B0ABB400CE36F7 /* Build configuration list for PBXProject "Appetizers" */;
			compatibilityVersion = "Xcode 13.0";
			developmentRegion = en;
			hasScannedForEncodings = 0;
			knownRegions = (
				en,
				Base,
			);
			mainGroup = C6E6297028B0ABB400CE36F7;
			productRefGroup = C6E6297A28B0ABB400CE36F7 /* Products */;
			projectDirPath = "";
			projectRoot = "";
			targets = (
				C6E6297828B0ABB400CE36F7 /* Appetizers */,
			);
		};
/* End PBXProject section */

/* Begin PBXResourcesBuildPhase section */
		C6E6297728B0ABB400CE36F7 /* Resources */ = {
			isa = PBXResourcesBuildPhase;
			buildActionMask = 2147483647;
			files = (
				C6E6298428B0ABB500CE36F7 /* Preview Assets.xcassets in Resources */,
				C6E6298B28B0AC1B00CE36F7 /* .gitignore in Resources */,
				C6E6298128B0ABB500CE36F7 /* Assets.xcassets in Resources */,
			);
			runOnlyForDeploymentPostprocessing = 0;
		};
/* End PBXResourcesBuildPhase section */

/* Begin PBXSourcesBuildPhase section */
		C6E6297528B0ABB400CE36F7 /* Sources */ = {
			isa = PBXSourcesBuildPhase;
			buildActionMask = 2147483647;
			files = (
				C610FBC828B1A645001F2D41 /* Appetizer.swift in Sources */,
				C6E6299228B0ACFA00CE36F7 /* AccountView.swift in Sources */,
				C694513E28B5607200D57C9A /* EmptyStateView.swift in Sources */,
				C667861B28B332FA009049F8 /* AlertContext.swift in Sources */,
				C6E5565328B47E720068EF37 /* String+Ext.swift in Sources */,
				C643D92A28B2E91500ADBA34 /* AppError.swift in Sources */,
				C6A9136628B5936D001EA0DB /* Order.swift in Sources */,
				C643D92C28B325D300ADBA34 /* AppetizerListViewModel.swift in Sources */,
				C6E6297F28B0ABB400CE36F7 /* MainTabView.swift in Sources */,
				C69FF04428B2BB1D005C6DD3 /* AppetizerTile.swift in Sources */,
				C6F88DD328B43948005D6CB0 /* NutritionInfoView.swift in Sources */,
				C6E5565728B48CF70068EF37 /* OrderViewModel.swift in Sources */,
				C643D92828B2E72700ADBA34 /* NetworkManager.swift in Sources */,
				C621F20C28B424ED00AFF793 /* AppetizerDetailView.swift in Sources */,
				C6E5565028B47CAD0068EF37 /* AccountViewModel.swift in Sources */,
				C6E6297D28B0ABB400CE36F7 /* AppetizersApp.swift in Sources */,
				C667861928B332F0009049F8 /* AlertItem.swift in Sources */,
				C6E5565528B484370068EF37 /* User.swift in Sources */,
				C6E6298F28B0ACE300CE36F7 /* AppetizerListView.swift in Sources */,
				C6E6299428B0AD0100CE36F7 /* OrderView.swift in Sources */,
				C6C0343628B3CD6C00031C85 /* ImageLoader.swift in Sources */,
			);
			runOnlyForDeploymentPostprocessing = 0;
		};
/* End PBXSourcesBuildPhase section */

/* Begin XCBuildConfiguration section */
		C6E6298528B0ABB500CE36F7 /* Debug */ = {
			isa = XCBuildConfiguration;
			buildSettings = {
				ALWAYS_SEARCH_USER_PATHS = NO;
				CLANG_ANALYZER_NONNULL = YES;
				CLANG_ANALYZER_NUMBER_OBJECT_CONVERSION = YES_AGGRESSIVE;
				CLANG_CXX_LANGUAGE_STANDARD = "gnu++17";
				CLANG_ENABLE_MODULES = YES;
				CLANG_ENABLE_OBJC_ARC = YES;
				CLANG_ENABLE_OBJC_WEAK = YES;
				CLANG_WARN_BLOCK_CAPTURE_AUTORELEASING = YES;
				CLANG_WARN_BOOL_CONVERSION = YES;
				CLANG_WARN_COMMA = YES;
				CLANG_WARN_CONSTANT_CONVERSION = YES;
				CLANG_WARN_DEPRECATED_OBJC_IMPLEMENTATIONS = YES;
				CLANG_WARN_DIRECT_OBJC_ISA_USAGE = YES_ERROR;
				CLANG_WARN_DOCUMENTATION_COMMENTS = YES;
				CLANG_WARN_EMPTY_BODY = YES;
				CLANG_WARN_ENUM_CONVERSION = YES;
				CLANG_WARN_INFINITE_RECURSION = YES;
				CLANG_WARN_INT_CONVERSION = YES;
				CLANG_WARN_NON_LITERAL_NULL_CONVERSION = YES;
				CLANG_WARN_OBJC_IMPLICIT_RETAIN_SELF = YES;
				CLANG_WARN_OBJC_LITERAL_CONVERSION = YES;
				CLANG_WARN_OBJC_ROOT_CLASS = YES_ERROR;
				CLANG_WARN_QUOTED_INCLUDE_IN_FRAMEWORK_HEADER = YES;
				CLANG_WARN_RANGE_LOOP_ANALYSIS = YES;
				CLANG_WARN_STRICT_PROTOTYPES = YES;
				CLANG_WARN_SUSPICIOUS_MOVE = YES;
				CLANG_WARN_UNGUARDED_AVAILABILITY = YES_AGGRESSIVE;
				CLANG_WARN_UNREACHABLE_CODE = YES;
				CLANG_WARN__DUPLICATE_METHOD_MATCH = YES;
				COPY_PHASE_STRIP = NO;
				DEBUG_INFORMATION_FORMAT = dwarf;
				ENABLE_STRICT_OBJC_MSGSEND = YES;
				ENABLE_TESTABILITY = YES;
				GCC_C_LANGUAGE_STANDARD = gnu11;
				GCC_DYNAMIC_NO_PIC = NO;
				GCC_NO_COMMON_BLOCKS = YES;
				GCC_OPTIMIZATION_LEVEL = 0;
				GCC_PREPROCESSOR_DEFINITIONS = (
					"DEBUG=1",
					"$(inherited)",
				);
				GCC_WARN_64_TO_32_BIT_CONVERSION = YES;
				GCC_WARN_ABOUT_RETURN_TYPE = YES_ERROR;
				GCC_WARN_UNDECLARED_SELECTOR = YES;
				GCC_WARN_UNINITIALIZED_AUTOS = YES_AGGRESSIVE;
				GCC_WARN_UNUSED_FUNCTION = YES;
				GCC_WARN_UNUSED_VARIABLE = YES;
				IPHONEOS_DEPLOYMENT_TARGET = 15.5;
				MTL_ENABLE_DEBUG_INFO = INCLUDE_SOURCE;
				MTL_FAST_MATH = YES;
				ONLY_ACTIVE_ARCH = YES;
				SDKROOT = iphoneos;
				SWIFT_ACTIVE_COMPILATION_CONDITIONS = DEBUG;
				SWIFT_OPTIMIZATION_LEVEL = "-Onone";
			};
			name = Debug;
		};
		C6E6298628B0ABB500CE36F7 /* Release */ = {
			isa = XCBuildConfiguration;
			buildSettings = {
				ALWAYS_SEARCH_USER_PATHS = NO;
				CLANG_ANALYZER_NONNULL = YES;
				CLANG_ANALYZER_NUMBER_OBJECT_CONVERSION = YES_AGGRESSIVE;
				CLANG_CXX_LANGUAGE_STANDARD = "gnu++17";
				CLANG_ENABLE_MODULES = YES;
				CLANG_ENABLE_OBJC_ARC = YES;
				CLANG_ENABLE_OBJC_WEAK = YES;
				CLANG_WARN_BLOCK_CAPTURE_AUTORELEASING = YES;
				CLANG_WARN_BOOL_CONVERSION = YES;
				CLANG_WARN_COMMA = YES;
				CLANG_WARN_CONSTANT_CONVERSION = YES;
				CLANG_WARN_DEPRECATED_OBJC_IMPLEMENTATIONS = YES;
				CLANG_WARN_DIRECT_OBJC_ISA_USAGE = YES_ERROR;
				CLANG_WARN_DOCUMENTATION_COMMENTS = YES;
				CLANG_WARN_EMPTY_BODY = YES;
				CLANG_WARN_ENUM_CONVERSION = YES;
				CLANG_WARN_INFINITE_RECURSION = YES;
				CLANG_WARN_INT_CONVERSION = YES;
				CLANG_WARN_NON_LITERAL_NULL_CONVERSION = YES;
				CLANG_WARN_OBJC_IMPLICIT_RETAIN_SELF = YES;
				CLANG_WARN_OBJC_LITERAL_CONVERSION = YES;
				CLANG_WARN_OBJC_ROOT_CLASS = YES_ERROR;
				CLANG_WARN_QUOTED_INCLUDE_IN_FRAMEWORK_HEADER = YES;
				CLANG_WARN_RANGE_LOOP_ANALYSIS = YES;
				CLANG_WARN_STRICT_PROTOTYPES = YES;
				CLANG_WARN_SUSPICIOUS_MOVE = YES;
				CLANG_WARN_UNGUARDED_AVAILABILITY = YES_AGGRESSIVE;
				CLANG_WARN_UNREACHABLE_CODE = YES;
				CLANG_WARN__DUPLICATE_METHOD_MATCH = YES;
				COPY_PHASE_STRIP = NO;
				DEBUG_INFORMATION_FORMAT = "dwarf-with-dsym";
				ENABLE_NS_ASSERTIONS = NO;
				ENABLE_STRICT_OBJC_MSGSEND = YES;
				GCC_C_LANGUAGE_STANDARD = gnu11;
				GCC_NO_COMMON_BLOCKS = YES;
				GCC_WARN_64_TO_32_BIT_CONVERSION = YES;
				GCC_WARN_ABOUT_RETURN_TYPE = YES_ERROR;
				GCC_WARN_UNDECLARED_SELECTOR = YES;
				GCC_WARN_UNINITIALIZED_AUTOS = YES_AGGRESSIVE;
				GCC_WARN_UNUSED_FUNCTION = YES;
				GCC_WARN_UNUSED_VARIABLE = YES;
				IPHONEOS_DEPLOYMENT_TARGET = 15.5;
				MTL_ENABLE_DEBUG_INFO = NO;
				MTL_FAST_MATH = YES;
				SDKROOT = iphoneos;
				SWIFT_COMPILATION_MODE = wholemodule;
				SWIFT_OPTIMIZATION_LEVEL = "-O";
				VALIDATE_PRODUCT = YES;
			};
			name = Release;
		};
		C6E6298828B0ABB500CE36F7 /* Debug */ = {
			isa = XCBuildConfiguration;
			buildSettings = {
				ASSETCATALOG_COMPILER_APPICON_NAME = AppIcon;
				ASSETCATALOG_COMPILER_GLOBAL_ACCENT_COLOR_NAME = AccentColor;
				CODE_SIGN_STYLE = Automatic;
				CURRENT_PROJECT_VERSION = 1;
				DEVELOPMENT_ASSET_PATHS = "\"Appetizers/Preview Content\"";
				DEVELOPMENT_TEAM = S4D8WSLNV7;
				ENABLE_PREVIEWS = YES;
				GENERATE_INFOPLIST_FILE = YES;
				INFOPLIST_KEY_UIApplicationSceneManifest_Generation = YES;
				INFOPLIST_KEY_UIApplicationSupportsIndirectInputEvents = YES;
				INFOPLIST_KEY_UILaunchScreen_Generation = YES;
				INFOPLIST_KEY_UISupportedInterfaceOrientations = UIInterfaceOrientationPortrait;
				INFOPLIST_KEY_UISupportedInterfaceOrientations_iPad = "UIInterfaceOrientationPortrait UIInterfaceOrientationPortraitUpsideDown UIInterfaceOrientationLandscapeLeft UIInterfaceOrientationLandscapeRight";
				INFOPLIST_KEY_UISupportedInterfaceOrientations_iPhone = "UIInterfaceOrientationPortrait UIInterfaceOrientationLandscapeLeft UIInterfaceOrientationLandscapeRight";
				LD_RUNPATH_SEARCH_PATHS = (
					"$(inherited)",
					"@executable_path/Frameworks",
				);
				MARKETING_VERSION = 1.0;
				PRODUCT_BUNDLE_IDENTIFIER = com.martinstofko.Appetizers;
				PRODUCT_NAME = "$(TARGET_NAME)";
				SWIFT_EMIT_LOC_STRINGS = YES;
				SWIFT_VERSION = 5.0;
				TARGETED_DEVICE_FAMILY = 1;
			};
			name = Debug;
		};
		C6E6298928B0ABB500CE36F7 /* Release */ = {
			isa = XCBuildConfiguration;
			buildSettings = {
				ASSETCATALOG_COMPILER_APPICON_NAME = AppIcon;
				ASSETCATALOG_COMPILER_GLOBAL_ACCENT_COLOR_NAME = AccentColor;
				CODE_SIGN_STYLE = Automatic;
				CURRENT_PROJECT_VERSION = 1;
				DEVELOPMENT_ASSET_PATHS = "\"Appetizers/Preview Content\"";
				DEVELOPMENT_TEAM = S4D8WSLNV7;
				ENABLE_PREVIEWS = YES;
				GENERATE_INFOPLIST_FILE = YES;
				INFOPLIST_KEY_UIApplicationSceneManifest_Generation = YES;
				INFOPLIST_KEY_UIApplicationSupportsIndirectInputEvents = YES;
				INFOPLIST_KEY_UILaunchScreen_Generation = YES;
				INFOPLIST_KEY_UISupportedInterfaceOrientations = UIInterfaceOrientationPortrait;
				INFOPLIST_KEY_UISupportedInterfaceOrientations_iPad = "UIInterfaceOrientationPortrait UIInterfaceOrientationPortraitUpsideDown UIInterfaceOrientationLandscapeLeft UIInterfaceOrientationLandscapeRight";
				INFOPLIST_KEY_UISupportedInterfaceOrientations_iPhone = "UIInterfaceOrientationPortrait UIInterfaceOrientationLandscapeLeft UIInterfaceOrientationLandscapeRight";
				LD_RUNPATH_SEARCH_PATHS = (
					"$(inherited)",
					"@executable_path/Frameworks",
				);
				MARKETING_VERSION = 1.0;
				PRODUCT_BUNDLE_IDENTIFIER = com.martinstofko.Appetizers;
				PRODUCT_NAME = "$(TARGET_NAME)";
				SWIFT_EMIT_LOC_STRINGS = YES;
				SWIFT_VERSION = 5.0;
				TARGETED_DEVICE_FAMILY = 1;
			};
			name = Release;
		};
/* End XCBuildConfiguration section */

/* Begin XCConfigurationList section */
		C6E6297428B0ABB400CE36F7 /* Build configuration list for PBXProject "Appetizers" */ = {
			isa = XCConfigurationList;
			buildConfigurations = (
				C6E6298528B0ABB500CE36F7 /* Debug */,
				C6E6298628B0ABB500CE36F7 /* Release */,
			);
			defaultConfigurationIsVisible = 0;
			defaultConfigurationName = Release;
		};
		C6E6298728B0ABB500CE36F7 /* Build configuration list for PBXNativeTarget "Appetizers" */ = {
			isa = XCConfigurationList;
			buildConfigurations = (
				C6E6298828B0ABB500CE36F7 /* Debug */,
				C6E6298928B0ABB500CE36F7 /* Release */,
			);
			defaultConfigurationIsVisible = 0;
			defaultConfigurationName = Release;
		};
/* End XCConfigurationList section */
	};
	rootObject = C6E6297128B0ABB400CE36F7 /* Project object */;
}
